
Microsoft Visual Studio Solution File, Format Version 12.00
# Visual Studio Version 16
VisualStudioVersion = 16.0.810.16
MinimumVisualStudioVersion = 10.0.40219.1
Project("{FAE04EC0-301F-11D3-BF4B-00C04F79EFBC}") = "bitcoinpuzzlescanner", "bitcoinpuzzlescanner\bitcoinpuzzlescanner.csproj", "{70A058A5-D30E-4029-9D1A-7372C0FA90AA}"
EndProject
Global
	GlobalSection(SolutionConfigurationPlatforms) = preSolution
		Debug|Any CPU = Debug|Any CPU
		Release|Any CPU = Release|Any CPU
	EndGlobalSection
	GlobalSection(ProjectConfigurationPlatforms) = postSolution
		{70A058A5-D30E-4029-9D1A-7372C0FA90AA}.Debug|Any CPU.ActiveCfg = Debug|Any CPU
		{70A058A5-D30E-4029-9D1A-7372C0FA90AA}.Debug|Any CPU.Build.0 = Debug|Any CPU
		{70A058A5-D30E-4029-9D1A-7372C0FA90AA}.Release|Any CPU.ActiveCfg = Release|Any CPU
		{70A058A5-D30E-4029-9D1A-7372C0FA90AA}.Release|Any CPU.Build.0 = Release|Any CPU
	EndGlobalSection
	GlobalSection(SolutionProperties) = preSolution
		HideSolutionNode = FALSE
	EndGlobalSection
	GlobalSection(ExtensibilityGlobals) = postSolution
		SolutionGuid = {44D790D4-4459-4BF8-893F-F78E9137281D}
	EndGlobalSection
EndGlobal
